# THIS IS AN AUTOGENERATED FILE. DO NOT EDIT THIS FILE DIRECTLY.
# yarn lockfile v1


"@actions/core@^1.2.6", "@actions/core@^1.9.1":
  version "1.10.1"
  resolved "https://registry.yarnpkg.com/@actions/core/-/core-1.10.1.tgz#61108e7ac40acae95ee36da074fa5850ca4ced8a"
  integrity sha512-3lBR9EDAY+iYIpTnTIXmWcNbX3T2kCkAEQGIQx4NVQ0575nk2k3GRZDTPQG+vVtS2izSLmINlxXf0uLtnrTP+g==
  dependencies:
    "@actions/http-client" "^2.0.1"
    uuid "^8.3.2"

"@actions/exec@^1.0.0":
  version "1.1.1"
  resolved "https://registry.yarnpkg.com/@actions/exec/-/exec-1.1.1.tgz#2e43f28c54022537172819a7cf886c844221a611"
  integrity sha512-+sCcHHbVdk93a0XT19ECtO/gIXoxvdsgQLzb2fE2/5sIZmWQuluYyjPQtrtTHdU1YzTZ7bAPN4sITq2xi1679w==
  dependencies:
    "@actions/io" "^1.0.1"

"@actions/http-client@^1.0.11", "@actions/http-client@^1.0.8":
  version "1.0.11"
  resolved "https://registry.yarnpkg.com/@actions/http-client/-/http-client-1.0.11.tgz#c58b12e9aa8b159ee39e7dd6cbd0e91d905633c0"
  integrity sha512-VRYHGQV1rqnROJqdMvGUbY/Kn8vriQe/F9HR2AlYHzmKuM/p3kjNuXhmdBfcVgsvRWTz5C5XW5xvndZrVBuAYg==
  dependencies:
    tunnel "0.0.6"

"@actions/http-client@^2.0.1":
  version "2.2.0"
  resolved "https://registry.yarnpkg.com/@actions/http-client/-/http-client-2.2.0.tgz#f8239f375be6185fcd07765efdcf0031ad5df1a0"
  integrity sha512-q+epW0trjVUUHboliPb4UF9g2msf+w61b32tAkFEwL/IwP0DQWgbCMM0Hbe3e3WXSKz5VcUXbzJQgy8Hkra/Lg==
  dependencies:
    tunnel "^0.0.6"
    undici "^5.25.4"

"@actions/io@^1.0.1", "@actions/io@^1.1.1":
  version "1.1.3"
  resolved "https://registry.yarnpkg.com/@actions/io/-/io-1.1.3.tgz#4cdb6254da7962b07473ff5c335f3da485d94d71"
  integrity sha512-wi9JjgKLYS7U/z8PPbco+PvTb/nRWjeoFlJ1Qer83k/3C5PHQi28hiVdeE2kHXmIL99mQFawx8qt/JPjZilJ8Q==

"@actions/tool-cache@^1.7.2":
  version "1.7.2"
  resolved "https://registry.yarnpkg.com/@actions/tool-cache/-/tool-cache-1.7.2.tgz#389ad15916f91999959c6b2865144839ecc571a9"
  integrity sha512-GYlcgg/PK2RWBrGG2sFg6s7im3S94LMKuqAv8UPDq/pGTZbuEvmN4a95Fn1Z19OE+vt7UbUHeewOD5tEBT+4TQ==
  dependencies:
    "@actions/core" "^1.2.6"
    "@actions/exec" "^1.0.0"
    "@actions/http-client" "^1.0.8"
    "@actions/io" "^1.1.1"
    semver "^6.1.0"
    uuid "^3.3.2"

"@fastify/busboy@^2.0.0":
  version "2.1.0"
  resolved "https://registry.yarnpkg.com/@fastify/busboy/-/busboy-2.1.0.tgz#0709e9f4cb252351c609c6e6d8d6779a8d25edff"
  integrity sha512-+KpH+QxZU7O4675t3mnkQKcZZg56u+K/Ct2K+N2AZYNVK8kyeo/bI18tI8aPm3tvNNRyTWfj6s5tnGNlcbQRsA==

"@tsconfig/node20@^1.0.2":
  version "1.0.2"
  resolved "https://registry.yarnpkg.com/@tsconfig/node20/-/node20-1.0.2.tgz#ada464d3f8dc6c991f64d38712573277862bb5c7"
  integrity sha512-pw0MmECiSTbBfIlT0x3iQLuJ8s3i2mwYoGxJ3vzqTNMdc4nO2VeqfCOQ/doGFa8iyPlqmBd98/5pBctWz7uN2A==

"@types/node@20.x":
  version "20.10.5"
  resolved "https://registry.yarnpkg.com/@types/node/-/node-20.10.5.tgz#47ad460b514096b7ed63a1dae26fad0914ed3ab2"
  integrity sha512-nNPsNE65wjMxEKI93yOP+NPGGBJz/PoN3kZsVLee0XMiJolxSekEVD8wRwBUBqkwc7UWop0edW50yrCQW4CyRw==
  dependencies:
    undici-types "~5.26.4"

"@vercel/ncc@^0.33.3":
  version "0.33.4"
  resolved "https://registry.yarnpkg.com/@vercel/ncc/-/ncc-0.33.4.tgz#e44a87511f583b7ba88e4b9ae90eeb7ba252b872"
  integrity sha512-ln18hs7dMffelP47tpkaR+V5Tj6coykNyxJrlcmCormPqRQjB/Gv4cu2FfBG+PMzIfdZp2CLDsrrB1NPU22Qhg==

prettier@^2.6.0:
  version "2.8.8"
  resolved "https://registry.yarnpkg.com/prettier/-/prettier-2.8.8.tgz#e8c5d7e98a4305ffe3de2e1fc4aca1a71c28b1da"
  integrity sha512-tdN8qQGvNjw4CHbY+XXk0JgCXn9QiF21a55rBe5LJAU+kDyC4WQn4+awm2Xfk2lQMk5fKup9XgzTZtGkjBdP9Q==

semver@^6.1.0:
  version "6.3.1"
  resolved "https://registry.yarnpkg.com/semver/-/semver-6.3.1.tgz#556d2ef8689146e46dcea4bfdd095f3434dffcb4"
  integrity sha512-BR7VvDCVHO+q2xBEWskxS6DJE1qRnb7DxzUrogb71CWoSficBxYsiAGd+Kl0mmq/MprG9yArRkyrQxTO6XjMzA==

tunnel@0.0.6, tunnel@^0.0.6:
  version "0.0.6"
  resolved "https://registry.yarnpkg.com/tunnel/-/tunnel-0.0.6.tgz#72f1314b34a5b192db012324df2cc587ca47f92c"
  integrity sha512-1h/Lnq9yajKY2PEbBadPXj3VxsDDu844OnaAo52UVmIzIvwwtBPIuNvkjuzBlTWpfJyUbG3ez0KSBibQkj4ojg==

typescript@^4.6.2:
  version "4.9.5"
  resolved "https://registry.yarnpkg.com/typescript/-/typescript-4.9.5.tgz#095979f9bcc0d09da324d58d03ce8f8374cbe65a"
  integrity sha512-1FXk9E2Hm+QzZQ7z+McJiHL4NW1F2EzMu9Nq9i3zAaGqibafqYwCVU6WyWAuyQRRzOlxou8xZSyXLEN8oKj24g==

undici-types@~5.26.4:
  version "5.26.5"
  resolved "https://registry.yarnpkg.com/undici-types/-/undici-types-5.26.5.tgz#bcd539893d00b56e964fd2657a4866b221a65617"
  integrity sha512-JlCMO+ehdEIKqlFxk6IfVoAUVmgz7cU7zD/h9XZ0qzeosSHmUJVOzSQvvYSYWXkFXC+IfLKSIffhv0sVZup6pA==

undici@^5.25.4:
  version "5.28.2"
  resolved "https://registry.yarnpkg.com/undici/-/undici-5.28.2.tgz#fea200eac65fc7ecaff80a023d1a0543423b4c91"
  integrity sha512-wh1pHJHnUeQV5Xa8/kyQhO7WFa8M34l026L5P/+2TYiakvGy5Rdc8jWZVyG7ieht/0WgJLEd3kcU5gKx+6GC8w==
  dependencies:
    "@fastify/busboy" "^2.0.0"

uuid@^3.3.2:
  version "3.4.0"
  resolved "https://registry.yarnpkg.com/uuid/-/uuid-3.4.0.tgz#b23e4358afa8a202fe7a100af1f5f883f02007ee"
  integrity sha512-HjSDRw6gZE5JMggctHBcjVak08+KEVhSIiDzFnT9S9aegmp85S/bReBVTb4QTFaRNptJ9kuYaNhnbNEOkbKb/A==

uuid@^8.3.2:
  version "8.3.2"
  resolved "https://registry.yarnpkg.com/uuid/-/uuid-8.3.2.tgz#80d5b5ced271bb9af6c445f21a1a04c606cefbe2"
  integrity sha512-+NYs2QeMWy+GWFOEm9xnn6HCDp0l7QBD7ml8zLUmJ+93Q5NF0NocErnwkTkXVFNiX3/fpC6afS8Dhb/gz7R7eg==
